
Microsoft Visual Studio Solution File, Format Version 12.00
# Visual Studio 2013
VisualStudioVersion = 12.0.31101.0
MinimumVisualStudioVersion = 10.0.40219.1
Project("{FAE04EC0-301F-11D3-BF4B-00C04F79EFBC}") = "SPDemo", "SPDemo\SPDemo.csproj", "{97843AB0-9551-428B-9348-4400DE0F826C}"
EndProject
Project("{2150E333-8FDC-42A3-9474-1A3956D46DE8}") = ".nuget", ".nuget", "{4F823365-7B11-4BB8-83EB-EBFB4804EEEF}"
	ProjectSection(SolutionItems) = preProject
		.nuget\NuGet.Config = .nuget\NuGet.Config
		.nuget\NuGet.exe = .nuget\NuGet.exe
		.nuget\NuGet.targets = .nuget\NuGet.targets
	EndProjectSection
EndProject
Project("{2150E333-8FDC-42A3-9474-1A3956D46DE8}") = "Document", "Document", "{4DBA2BF6-B506-4C7F-BE2A-B03C3CC97A52}"
	ProjectSection(SolutionItems) = preProject
		README.md = README.md
	EndProjectSection
EndProject
Project("{2150E333-8FDC-42A3-9474-1A3956D46DE8}") = "Assets", "Assets", "{95C4D797-EFBD-478E-BE9F-FA6F61239012}"
	ProjectSection(SolutionItems) = preProject
		Mult-Page-Folder-Structure-RequireJS.png = Mult-Page-Folder-Structure-RequireJS.png
		Mult-Page-RequireJS.png = Mult-Page-RequireJS.png
	EndProjectSection
EndProject
Global
	GlobalSection(SolutionConfigurationPlatforms) = preSolution
		Debug|Any CPU = Debug|Any CPU
		Release|Any CPU = Release|Any CPU
	EndGlobalSection
	GlobalSection(ProjectConfigurationPlatforms) = postSolution
		{97843AB0-9551-428B-9348-4400DE0F826C}.Debug|Any CPU.ActiveCfg = Debug|Any CPU
		{97843AB0-9551-428B-9348-4400DE0F826C}.Debug|Any CPU.Build.0 = Debug|Any CPU
		{97843AB0-9551-428B-9348-4400DE0F826C}.Debug|Any CPU.Deploy.0 = Debug|Any CPU
		{97843AB0-9551-428B-9348-4400DE0F826C}.Release|Any CPU.ActiveCfg = Release|Any CPU
		{97843AB0-9551-428B-9348-4400DE0F826C}.Release|Any CPU.Build.0 = Release|Any CPU
		{97843AB0-9551-428B-9348-4400DE0F826C}.Release|Any CPU.Deploy.0 = Release|Any CPU
	EndGlobalSection
	GlobalSection(SolutionProperties) = preSolution
		HideSolutionNode = FALSE
	EndGlobalSection
	GlobalSection(NestedProjects) = preSolution
		{95C4D797-EFBD-478E-BE9F-FA6F61239012} = {4DBA2BF6-B506-4C7F-BE2A-B03C3CC97A52}
	EndGlobalSection
EndGlobal
